
Microsoft Visual Studio Solution File, Format Version 12.00
# Visual Studio Version 17
VisualStudioVersion = 17.4.33213.308
MinimumVisualStudioVersion = 10.0.40219.1
Project("{9A19103F-16F7-4668-BE54-9A1E7A4F7556}") = "pc_lab4", "pc_lab4\pc_lab4.csproj", "{89943457-BF25-4945-9000-A359611F476A}"
EndProject
Project("{9A19103F-16F7-4668-BE54-9A1E7A4F7556}") = "NetworkProtocols", "NetworkProtocols\NetworkProtocols.csproj", "{DB6BD2C2-84B8-46A8-B2A5-AFE536A39F51}"
EndProject
Project("{9A19103F-16F7-4668-BE54-9A1E7A4F7556}") = "Server", "Server\Server.csproj", "{1C87F01F-A1A4-46A0-95D0-C9BF1A38EA8A}"
EndProject
Project("{9A19103F-16F7-4668-BE54-9A1E7A4F7556}") = "Client", "Client\Client.csproj", "{2F83532F-1710-4622-AB72-378A8AC6D493}"
EndProject
Project("{9A19103F-16F7-4668-BE54-9A1E7A4F7556}") = "Services", "Services\Services.csproj", "{D5C676D1-B752-4F37-A5D4-740D46203411}"
EndProject
Project("{9A19103F-16F7-4668-BE54-9A1E7A4F7556}") = "Models", "Models\Models.csproj", "{C12A6911-96FF-45F4-8B00-571B006E0FA2}"
EndProject
Global
	GlobalSection(SolutionConfigurationPlatforms) = preSolution
		Debug|Any CPU = Debug|Any CPU
		Release|Any CPU = Release|Any CPU
	EndGlobalSection
	GlobalSection(ProjectConfigurationPlatforms) = postSolution
		{89943457-BF25-4945-9000-A359611F476A}.Debug|Any CPU.ActiveCfg = Debug|Any CPU
		{89943457-BF25-4945-9000-A359611F476A}.Debug|Any CPU.Build.0 = Debug|Any CPU
		{89943457-BF25-4945-9000-A359611F476A}.Release|Any CPU.ActiveCfg = Release|Any CPU
		{89943457-BF25-4945-9000-A359611F476A}.Release|Any CPU.Build.0 = Release|Any CPU
		{DB6BD2C2-84B8-46A8-B2A5-AFE536A39F51}.Debug|Any CPU.ActiveCfg = Debug|Any CPU
		{DB6BD2C2-84B8-46A8-B2A5-AFE536A39F51}.Debug|Any CPU.Build.0 = Debug|Any CPU
		{DB6BD2C2-84B8-46A8-B2A5-AFE536A39F51}.Release|Any CPU.ActiveCfg = Release|Any CPU
		{DB6BD2C2-84B8-46A8-B2A5-AFE536A39F51}.Release|Any CPU.Build.0 = Release|Any CPU
		{1C87F01F-A1A4-46A0-95D0-C9BF1A38EA8A}.Debug|Any CPU.ActiveCfg = Debug|Any CPU
		{1C87F01F-A1A4-46A0-95D0-C9BF1A38EA8A}.Debug|Any CPU.Build.0 = Debug|Any CPU
		{1C87F01F-A1A4-46A0-95D0-C9BF1A38EA8A}.Release|Any CPU.ActiveCfg = Release|Any CPU
		{1C87F01F-A1A4-46A0-95D0-C9BF1A38EA8A}.Release|Any CPU.Build.0 = Release|Any CPU
		{2F83532F-1710-4622-AB72-378A8AC6D493}.Debug|Any CPU.ActiveCfg = Debug|Any CPU
		{2F83532F-1710-4622-AB72-378A8AC6D493}.Debug|Any CPU.Build.0 = Debug|Any CPU
		{2F83532F-1710-4622-AB72-378A8AC6D493}.Release|Any CPU.ActiveCfg = Release|Any CPU
		{2F83532F-1710-4622-AB72-378A8AC6D493}.Release|Any CPU.Build.0 = Release|Any CPU
		{D5C676D1-B752-4F37-A5D4-740D46203411}.Debug|Any CPU.ActiveCfg = Debug|Any CPU
		{D5C676D1-B752-4F37-A5D4-740D46203411}.Debug|Any CPU.Build.0 = Debug|Any CPU
		{D5C676D1-B752-4F37-A5D4-740D46203411}.Release|Any CPU.ActiveCfg = Release|Any CPU
		{D5C676D1-B752-4F37-A5D4-740D46203411}.Release|Any CPU.Build.0 = Release|Any CPU
		{C12A6911-96FF-45F4-8B00-571B006E0FA2}.Debug|Any CPU.ActiveCfg = Debug|Any CPU
		{C12A6911-96FF-45F4-8B00-571B006E0FA2}.Debug|Any CPU.Build.0 = Debug|Any CPU
		{C12A6911-96FF-45F4-8B00-571B006E0FA2}.Release|Any CPU.ActiveCfg = Release|Any CPU
		{C12A6911-96FF-45F4-8B00-571B006E0FA2}.Release|Any CPU.Build.0 = Release|Any CPU
	EndGlobalSection
	GlobalSection(SolutionProperties) = preSolution
		HideSolutionNode = FALSE
	EndGlobalSection
	GlobalSection(ExtensibilityGlobals) = postSolution
		SolutionGuid = {440B7564-24EE-48CC-8747-BA9037F59D5E}
	EndGlobalSection
EndGlobal
